schema: '2.0'
stages:
  data_ingestion:
    cmd: python src/data_ingestion.py
    deps:
    - path: src/data_ingestion.py
      hash: md5
      md5: 213bfec140c05ed96c0c0ce1cfc9f486
      size: 3544
    params:
      params.yaml:
        data_ingestion.test_size: 0.14
    outs:
    - path: data/raw
      hash: md5
      md5: 36cbfc4cccdd2e783220af003758fdeb.dir
      size: 484846
      nfiles: 2
  data_preprocessing:
    cmd: python src/data_preprocessing.py
    deps:
    - path: data/raw
      hash: md5
      md5: 36cbfc4cccdd2e783220af003758fdeb.dir
      size: 484846
      nfiles: 2
    - path: src/data_preprocessing.py
      hash: md5
      md5: 4f2275a5eca0735b65b27f2be389ea70
      size: 4001
    outs:
    - path: data/interim
      hash: md5
      md5: 8e36b807f47dfa471d56f4493a7aa9d5.dir
      size: 258927
      nfiles: 2
  feature_engineering:
    cmd: python src/feature_engineering.py
    deps:
    - path: data/interim
      hash: md5
      md5: 8e36b807f47dfa471d56f4493a7aa9d5.dir
      size: 258927
      nfiles: 2
    - path: src/feature_engineering.py
      hash: md5
      md5: f2649971f57e71be0665548a8f07c06c
      size: 3908
    params:
      params.yaml:
        feature_engineering.max_features: 35
    outs:
    - path: data/processed
      hash: md5
      md5: 7d73bdff75766b012d27f2e6cf2e9e38.dir
      size: 832634
      nfiles: 2
  model_building:
    cmd: python src/model_building.py
    deps:
    - path: data/processed
      hash: md5
      md5: 7d73bdff75766b012d27f2e6cf2e9e38.dir
      size: 832634
      nfiles: 2
    - path: src/model_building.py
      hash: md5
      md5: 1c2479f9b9ee4573bb76d5dc7f1a1598
      size: 4480
    params:
      params.yaml:
        model_building.n_estimators: 26
        model_building.random_state: 2
    outs:
    - path: models/model.pkl
      hash: md5
      md5: 83b80f1c2a8f2d7eb0148b6b5749ded4
      size: 908451
  model_evaluation:
    cmd: python src/model_evaluation.py
    deps:
    - path: models/model.pkl
      hash: md5
      md5: 83b80f1c2a8f2d7eb0148b6b5749ded4
      size: 908451
    - path: src/model_evaluation.py
      hash: md5
      md5: b245b8de352c4bd851d1b13ee8856b9b
      size: 4635
